{
  "name": "Portfolio Site",
  "lockfileVersion": 2,
  "requires": true,
  "packages": {
    "": {
      "dependencies": {
        "workbox-precaching": "^6.4.2"
      }
    },
    "node_modules/workbox-core": {
      "version": "6.4.2",
      "resolved": "https://registry.npmjs.org/workbox-core/-/workbox-core-6.4.2.tgz",
      "integrity": "sha512-1U6cdEYPcajRXiboSlpJx6U7TvhIKbxRRerfepAJu2hniKwJ3DHILjpU/zx3yvzSBCWcNJDoFalf7Vgd7ey/rw=="
    },
    "node_modules/workbox-precaching": {
      "version": "6.4.2",
      "resolved": "https://registry.npmjs.org/workbox-precaching/-/workbox-precaching-6.4.2.tgz",
      "integrity": "sha512-CZ6uwFN/2wb4noHVlALL7UqPFbLfez/9S2GAzGAb0Sk876ul9ukRKPJJ6gtsxfE2HSTwqwuyNVa6xWyeyJ1XSA==",
      "dependencies": {
        "workbox-core": "6.4.2",
        "workbox-routing": "6.4.2",
        "workbox-strategies": "6.4.2"
      }
    },
    "node_modules/workbox-routing": {
      "version": "6.4.2",
      "resolved": "https://registry.npmjs.org/workbox-routing/-/workbox-routing-6.4.2.tgz",
      "integrity": "sha512-0ss/n9PAcHjTy4Ad7l2puuod4WtsnRYu9BrmHcu6Dk4PgWeJo1t5VnGufPxNtcuyPGQ3OdnMdlmhMJ57sSrrSw==",
      "dependencies": {
        "workbox-core": "6.4.2"
      }
    },
    "node_modules/workbox-strategies": {
      "version": "6.4.2",
      "resolved": "https://registry.npmjs.org/workbox-strategies/-/workbox-strategies-6.4.2.tgz",
      "integrity": "sha512-YXh9E9dZGEO1EiPC3jPe2CbztO5WT8Ruj8wiYZM56XqEJp5YlGTtqRjghV+JovWOqkWdR+amJpV31KPWQUvn1Q==",
      "dependencies": {
        "workbox-core": "6.4.2"
      }
    }
  },
  "dependencies": {
    "workbox-core": {
      "version": "6.4.2",
      "resolved": "https://registry.npmjs.org/workbox-core/-/workbox-core-6.4.2.tgz",
      "integrity": "sha512-1U6cdEYPcajRXiboSlpJx6U7TvhIKbxRRerfepAJu2hniKwJ3DHILjpU/zx3yvzSBCWcNJDoFalf7Vgd7ey/rw=="
    },
    "workbox-precaching": {
      "version": "6.4.2",
      "resolved": "https://registry.npmjs.org/workbox-precaching/-/workbox-precaching-6.4.2.tgz",
      "integrity": "sha512-CZ6uwFN/2wb4noHVlALL7UqPFbLfez/9S2GAzGAb0Sk876ul9ukRKPJJ6gtsxfE2HSTwqwuyNVa6xWyeyJ1XSA==",
      "requires": {
        "workbox-core": "6.4.2",
        "workbox-routing": "6.4.2",
        "workbox-strategies": "6.4.2"
      }
    },
    "workbox-routing": {
      "version": "6.4.2",
      "resolved": "https://registry.npmjs.org/workbox-routing/-/workbox-routing-6.4.2.tgz",
      "integrity": "sha512-0ss/n9PAcHjTy4Ad7l2puuod4WtsnRYu9BrmHcu6Dk4PgWeJo1t5VnGufPxNtcuyPGQ3OdnMdlmhMJ57sSrrSw==",
      "requires": {
        "workbox-core": "6.4.2"
      }
    },
    "workbox-strategies": {
      "version": "6.4.2",
      "resolved": "https://registry.npmjs.org/workbox-strategies/-/workbox-strategies-6.4.2.tgz",
      "integrity": "sha512-YXh9E9dZGEO1EiPC3jPe2CbztO5WT8Ruj8wiYZM56XqEJp5YlGTtqRjghV+JovWOqkWdR+amJpV31KPWQUvn1Q==",
      "requires": {
        "workbox-core": "6.4.2"
      }
    }
  }
}
